
Microsoft Visual Studio Solution File, Format Version 12.00
# Visual Studio Version 16
VisualStudioVersion = 16.0.30804.86
MinimumVisualStudioVersion = 10.0.40219.1
Project("{FAE04EC0-301F-11D3-BF4B-00C04F79EFBC}") = "TaskScheduler", "TaskScheduler\TaskScheduler.csproj", "{D5DBBFBB-925A-401A-BBE4-5ABC8BA53EB2}"
EndProject
Project("{FAE04EC0-301F-11D3-BF4B-00C04F79EFBC}") = "Domain.Contract", "Domain.Contract\Domain.Contract.csproj", "{E6B69C9A-3D72-44E3-A952-4115F1AD6272}"
EndProject
Project("{FAE04EC0-301F-11D3-BF4B-00C04F79EFBC}") = "Domain", "Domain\Domain.csproj", "{6489C14D-74EF-49CC-807C-CA95E62BA88F}"
EndProject
Project("{FAE04EC0-301F-11D3-BF4B-00C04F79EFBC}") = "Contract.Repository", "Contract.Repository\Contract.Repository.csproj", "{0C0C0A41-27D9-4AFD-BDB8-B29FF09D3512}"
EndProject
Project("{FAE04EC0-301F-11D3-BF4B-00C04F79EFBC}") = "Repository", "Repository\Repository.csproj", "{1D93F2A9-931D-4319-ADD4-E53926116850}"
EndProject
Global
	GlobalSection(SolutionConfigurationPlatforms) = preSolution
		Debug|Any CPU = Debug|Any CPU
		Release|Any CPU = Release|Any CPU
	EndGlobalSection
	GlobalSection(ProjectConfigurationPlatforms) = postSolution
		{D5DBBFBB-925A-401A-BBE4-5ABC8BA53EB2}.Debug|Any CPU.ActiveCfg = Debug|Any CPU
		{D5DBBFBB-925A-401A-BBE4-5ABC8BA53EB2}.Debug|Any CPU.Build.0 = Debug|Any CPU
		{D5DBBFBB-925A-401A-BBE4-5ABC8BA53EB2}.Release|Any CPU.ActiveCfg = Release|Any CPU
		{D5DBBFBB-925A-401A-BBE4-5ABC8BA53EB2}.Release|Any CPU.Build.0 = Release|Any CPU
		{E6B69C9A-3D72-44E3-A952-4115F1AD6272}.Debug|Any CPU.ActiveCfg = Debug|Any CPU
		{E6B69C9A-3D72-44E3-A952-4115F1AD6272}.Debug|Any CPU.Build.0 = Debug|Any CPU
		{E6B69C9A-3D72-44E3-A952-4115F1AD6272}.Release|Any CPU.ActiveCfg = Release|Any CPU
		{E6B69C9A-3D72-44E3-A952-4115F1AD6272}.Release|Any CPU.Build.0 = Release|Any CPU
		{6489C14D-74EF-49CC-807C-CA95E62BA88F}.Debug|Any CPU.ActiveCfg = Debug|Any CPU
		{6489C14D-74EF-49CC-807C-CA95E62BA88F}.Debug|Any CPU.Build.0 = Debug|Any CPU
		{6489C14D-74EF-49CC-807C-CA95E62BA88F}.Release|Any CPU.ActiveCfg = Release|Any CPU
		{6489C14D-74EF-49CC-807C-CA95E62BA88F}.Release|Any CPU.Build.0 = Release|Any CPU
		{0C0C0A41-27D9-4AFD-BDB8-B29FF09D3512}.Debug|Any CPU.ActiveCfg = Debug|Any CPU
		{0C0C0A41-27D9-4AFD-BDB8-B29FF09D3512}.Debug|Any CPU.Build.0 = Debug|Any CPU
		{0C0C0A41-27D9-4AFD-BDB8-B29FF09D3512}.Release|Any CPU.ActiveCfg = Release|Any CPU
		{0C0C0A41-27D9-4AFD-BDB8-B29FF09D3512}.Release|Any CPU.Build.0 = Release|Any CPU
		{1D93F2A9-931D-4319-ADD4-E53926116850}.Debug|Any CPU.ActiveCfg = Debug|Any CPU
		{1D93F2A9-931D-4319-ADD4-E53926116850}.Debug|Any CPU.Build.0 = Debug|Any CPU
		{1D93F2A9-931D-4319-ADD4-E53926116850}.Release|Any CPU.ActiveCfg = Release|Any CPU
		{1D93F2A9-931D-4319-ADD4-E53926116850}.Release|Any CPU.Build.0 = Release|Any CPU
	EndGlobalSection
	GlobalSection(SolutionProperties) = preSolution
		HideSolutionNode = FALSE
	EndGlobalSection
	GlobalSection(ExtensibilityGlobals) = postSolution
		SolutionGuid = {7A75CD4F-D653-4C5D-A4A7-8CB228E7A7A3}
	EndGlobalSection
EndGlobal
